<?xml version="1.0" encoding="utf-8"?>
<Project ToolsVersion="17.0" xmlns="http://schemas.microsoft.com/developer/msbuild/2003">
  <ItemGroup>
    <ClCompile Include="SRC\engine\sys\actor\manager.cpp">
      <Filter>Source Files</Filter>
    </ClCompile>
    <ClCompile Include="SRC\engine\file\binary_helper.cpp">
      <Filter>Source Files</Filter>
    </ClCompile>
    <ClCompile Include="SRC\engine\sys\render\draw.cpp">
      <Filter>Source Files</Filter>
    </ClCompile>
    <ClCompile Include="SRC\engine\actor\entity.cpp">
      <Filter>Source Files</Filter>
    </ClCompile>
    <ClCompile Include="SRC\engine\file\file_col.cpp">
      <Filter>Source Files</Filter>
    </ClCompile>
    <ClCompile Include="SRC\engine\file\file_mesh.cpp">
      <Filter>Source Files</Filter>
    </ClCompile>
    <ClCompile Include="SRC\engine\file\file_tex.cpp">
      <Filter>Source Files</Filter>
    </ClCompile>
    <ClCompile Include="SRC\engine\actor\map.cpp">
      <Filter>Source Files</Filter>
    </ClCompile>
    <ClCompile Include="SRC\game\actor\camera.cpp">
      <Filter>Source Files</Filter>
    </ClCompile>
    <ClCompile Include="SRC\main.cpp">
      <Filter>Source Files</Filter>
    </ClCompile>
    <ClCompile Include="SRC\engine\sys\collision\manager.cpp">
      <Filter>Source Files</Filter>
    </ClCompile>
    <ClCompile Include="SRC\engine\sys\render\light.cpp">
      <Filter>Source Files</Filter>
    </ClCompile>
    <ClCompile Include="SRC\engine\core\components.cpp" />
    <ClCompile Include="SRC\engine\core\engine.cpp" />
    <ClCompile Include="SRC\engine\sys\actor\base.cpp" />
    <ClCompile Include="SRC\engine\sys\collision\col_objects.cpp" />
    <ClCompile Include="SRC\engine\sys\render\mesh.cpp" />
    <ClCompile Include="SRC\engine\sys\render\tex_manager.cpp" />
    <ClCompile Include="SRC\engine\sys\render\skel.cpp" />
    <ClCompile Include="SRC\engine\sys\render\render.cpp" />
    <ClCompile Include="SRC\engine\sys\render\tex.cpp" />
    <ClCompile Include="SRC\game\actor\root.cpp" />
    <ClCompile Include="SRC\game\core\game.cpp" />
    <ClCompile Include="SRC\glad.c" />
    <ClCompile Include="SRC\game\file\ogre_mesh.cpp" />
    <ClCompile Include="SRC\game\actor\particle.cpp" />
    <ClCompile Include="SRC\game\file\ogre_particle.cpp" />
    <ClCompile Include="SRC\game\core\particle.cpp" />
    <ClCompile Include="SRC\game\file\ogre_tex.cpp" />
    <ClCompile Include="SRC\game\core\ogre_maths.cpp" />
    <ClCompile Include="SRC\game\imgui\imgui.cpp" />
    <ClCompile Include="SRC\game\imgui\imgui_demo.cpp" />
    <ClCompile Include="SRC\game\imgui\imgui_draw.cpp" />
    <ClCompile Include="SRC\game\imgui\imgui_impl_glfw.cpp" />
    <ClCompile Include="SRC\game\imgui\imgui_impl_opengl3.cpp" />
    <ClCompile Include="SRC\game\imgui\imgui_tables.cpp" />
    <ClCompile Include="SRC\game\imgui\imgui_widgets.cpp" />
    <ClCompile Include="SRC\game\imgui_file_dialog\ImGuiFileDialog.cpp" />
  </ItemGroup>
  <ItemGroup>
    <Filter Include="Source Files">
      <UniqueIdentifier>{5B6CBF16-B523-3CFF-9B63-B4A7414BD63D}</UniqueIdentifier>
    </Filter>
  </ItemGroup>
  <ItemGroup>
    <ClInclude Include="SRC\engine\actor\map.h" />
    <ClInclude Include="SRC\engine\file\file.h" />
    <ClInclude Include="SRC\engine\actor\entity.h" />
    <ClInclude Include="SRC\engine\file\binary_helper.h" />
    <ClInclude Include="SRC\engine\sys\actor\actor.h" />
    <ClInclude Include="SRC\game\actor\camera.h" />
    <ClInclude Include="SRC\defs.h" />
    <ClInclude Include="SRC\engine\sys\collision\collision.h" />
    <ClInclude Include="SRC\engine\sys\render\render.h" />
    <ClInclude Include="SRC\engine\core\components.h" />
    <ClInclude Include="SRC\engine\core\engine.h" />
    <ClInclude Include="SRC\game\actor\root.h" />
    <ClInclude Include="SRC\game\core\game.h" />
    <ClInclude Include="SRC\game\file\file.h" />
    <ClInclude Include="SRC\game\actor\particle.h" />
    <ClInclude Include="SRC\game\core\particle.h" />
    <ClInclude Include="SRC\game\core\ogre_maths.h" />
    <ClInclude Include="SRC\game\imgui\imgui.h" />
    <ClInclude Include="SRC\game\imgui_file_dialog\ImGuiFileDialog.h" />
    <ClInclude Include="SRC\game\imgui_file_dialog\ImGuiFileDialogConfig.h" />
    <ClInclude Include="SRC\game\imgui_file_dialog\dirent\dirent.h" />
  </ItemGroup>
</Project>